{
  "version": 4,
  "terraform_version": "1.10.3",
  "serial": 43,
  "lineage": "3099e6b4-4560-2631-c089-aed46dd7ef20",
  "outputs": {},
  "resources": [
    {
      "mode": "data",
      "type": "github_user",
      "name": "current",
      "provider": "provider[\"registry.terraform.io/integrations/github\"]",
      "instances": [
        {
          "schema_version": 0,
          "attributes": {
            "avatar_url": "https://avatars.githubusercontent.com/u/184213007?v=4",
            "bio": "",
            "blog": "",
            "company": "",
            "created_at": "2024-10-08 08:44:48 +0000 UTC",
            "email": "",
            "followers": 0,
            "following": 0,
            "gpg_keys": [],
            "gravatar_id": "",
            "id": "184213007",
            "location": "",
            "login": "nobleman0",
            "name": "",
            "node_id": "U_kgDOCvreDw",
            "public_gists": 0,
            "public_repos": 2,
            "site_admin": false,
            "ssh_keys": [
              "ssh-ed25519 AAAAC3NzaC1lZDI1NTE5AAAAIFIIPw4VOdhnVXlt2YTcOLYaYKM/EZ6c6Rl0RZP9H3ZG"
            ],
            "suspended_at": "0001-01-01 00:00:00 +0000 UTC",
            "updated_at": "2025-01-07 09:13:19 +0000 UTC",
            "username": null
          },
          "sensitive_attributes": []
        }
      ]
    },
    {
      "mode": "managed",
      "type": "github_branch",
      "name": "develop",
      "provider": "provider[\"registry.terraform.io/integrations/github\"]",
      "instances": [
        {
          "schema_version": 0,
          "attributes": {
            "branch": "develop",
            "etag": "W/\"c06748fb34358551945bb43be63ea44694ff4ddc88c0deea844294252c083501\"",
            "id": "auto-created-repo:develop",
            "ref": "refs/heads/develop",
            "repository": "auto-created-repo",
            "sha": "9f5adcd62c1606d51ba60cc4e0655bbf576713da",
            "source_branch": "main",
            "source_sha": "9f5adcd62c1606d51ba60cc4e0655bbf576713da"
          },
          "sensitive_attributes": [],
          "private": "bnVsbA==",
          "dependencies": [
            "github_repository.this"
          ]
        }
      ]
    },
    {
      "mode": "managed",
      "type": "github_repository",
      "name": "this",
      "provider": "provider[\"registry.terraform.io/integrations/github\"]",
      "instances": [
        {
          "schema_version": 1,
          "attributes": {
            "allow_auto_merge": false,
            "allow_merge_commit": true,
            "allow_rebase_merge": true,
            "allow_squash_merge": true,
            "allow_update_branch": false,
            "archive_on_destroy": null,
            "archived": false,
            "auto_init": true,
            "default_branch": "main",
            "delete_branch_on_merge": false,
            "description": "Repo automatically created by Terraform",
            "etag": "W/\"7d3128cb184d5fd826f77435eb29009f575319646074a02b0ed6eaf814fd39f6\"",
            "full_name": "nobleman0/auto-created-repo",
            "git_clone_url": "git://github.com/nobleman0/auto-created-repo.git",
            "gitignore_template": null,
            "has_discussions": false,
            "has_downloads": false,
            "has_issues": false,
            "has_projects": false,
            "has_wiki": false,
            "homepage_url": "",
            "html_url": "https://github.com/nobleman0/auto-created-repo",
            "http_clone_url": "https://github.com/nobleman0/auto-created-repo.git",
            "id": "auto-created-repo",
            "ignore_vulnerability_alerts_during_read": null,
            "is_template": false,
            "license_template": null,
            "merge_commit_message": "PR_TITLE",
            "merge_commit_title": "MERGE_MESSAGE",
            "name": "auto-created-repo",
            "node_id": "R_kgDONm9XzA",
            "pages": [],
            "primary_language": "",
            "private": false,
            "repo_id": 913266636,
            "security_and_analysis": [
              {
                "advanced_security": [],
                "secret_scanning": [
                  {
                    "status": "enabled"
                  }
                ],
                "secret_scanning_push_protection": [
                  {
                    "status": "enabled"
                  }
                ]
              }
            ],
            "squash_merge_commit_message": "COMMIT_MESSAGES",
            "squash_merge_commit_title": "COMMIT_OR_PR_TITLE",
            "ssh_clone_url": "git@github.com:nobleman0/auto-created-repo.git",
            "svn_url": "https://github.com/nobleman0/auto-created-repo",
            "template": [],
            "topics": [],
            "visibility": "public",
            "vulnerability_alerts": false,
            "web_commit_signoff_required": false
          },
          "sensitive_attributes": [],
          "private": "eyJzY2hlbWFfdmVyc2lvbiI6IjEifQ=="
        }
      ]
    },
    {
      "mode": "managed",
      "type": "github_repository_environment",
      "name": "this",
      "provider": "provider[\"registry.terraform.io/integrations/github\"]",
      "instances": [
        {
          "index_key": "demo",
          "schema_version": 0,
          "attributes": {
            "can_admins_bypass": true,
            "deployment_branch_policy": [
              {
                "custom_branch_policies": false,
                "protected_branches": true
              }
            ],
            "environment": "demo",
            "id": "auto-created-repo:demo",
            "prevent_self_review": true,
            "repository": "auto-created-repo",
            "reviewers": [
              {
                "teams": null,
                "users": [
                  184213007
                ]
              }
            ],
            "wait_timer": 0
          },
          "sensitive_attributes": [],
          "private": "bnVsbA==",
          "dependencies": [
            "data.github_user.current",
            "github_repository.this"
          ]
        },
        {
          "index_key": "dev",
          "schema_version": 0,
          "attributes": {
            "can_admins_bypass": true,
            "deployment_branch_policy": [
              {
                "custom_branch_policies": false,
                "protected_branches": true
              }
            ],
            "environment": "dev",
            "id": "auto-created-repo:dev",
            "prevent_self_review": true,
            "repository": "auto-created-repo",
            "reviewers": [
              {
                "teams": null,
                "users": [
                  184213007
                ]
              }
            ],
            "wait_timer": 0
          },
          "sensitive_attributes": [],
          "private": "bnVsbA==",
          "dependencies": [
            "data.github_user.current",
            "github_repository.this"
          ]
        },
        {
          "index_key": "test",
          "schema_version": 0,
          "attributes": {
            "can_admins_bypass": true,
            "deployment_branch_policy": [
              {
                "custom_branch_policies": false,
                "protected_branches": true
              }
            ],
            "environment": "test",
            "id": "auto-created-repo:test",
            "prevent_self_review": true,
            "repository": "auto-created-repo",
            "reviewers": [
              {
                "teams": null,
                "users": [
                  184213007
                ]
              }
            ],
            "wait_timer": 0
          },
          "sensitive_attributes": [],
          "private": "bnVsbA==",
          "dependencies": [
            "data.github_user.current",
            "github_repository.this"
          ]
        }
      ]
    },
    {
      "mode": "managed",
      "type": "github_repository_file",
      "name": "this",
      "provider": "provider[\"registry.terraform.io/integrations/github\"]",
      "instances": [
        {
          "index_key": "demo",
          "schema_version": 0,
          "attributes": {
            "autocreate_branch": null,
            "autocreate_branch_source_branch": null,
            "autocreate_branch_source_sha": null,
            "branch": "main",
            "commit_author": "David Nobleman",
            "commit_email": "davidstone097@gmail.com",
            "commit_message": "Managed by Terraform",
            "commit_sha": "847fec6870cfb1bbeed343b277fdde6d15910b5f",
            "content": "name: Build and Deploy to {environment}\non:\n  push:\n    branches:\n      - main\njobs:\n  build:\n    runs-on: ubuntu-latest\n    steps:\n      - name: Checkout code\n        uses: actions/checkout@v3\n\n      - name: Placeholder for Build Step\n        run: echo \"Build process for {environment} goes here\"\n\n  deploy:\n    needs: build\n    runs-on: ubuntu-latest\n    steps:\n      - name: Placeholder for Deploy Step\n        run: echo \"Deployment process for {environment} goes here\"\n",
            "file": ".github/workflows/demo.yaml",
            "id": "auto-created-repo/.github/workflows/demo.yaml",
            "overwrite_on_create": true,
            "ref": "main",
            "repository": "auto-created-repo",
            "sha": "ea469dfc7dc2515da9b8f57c3de36a55eee340b1"
          },
          "sensitive_attributes": [],
          "private": "bnVsbA==",
          "dependencies": [
            "github_branch.develop",
            "github_repository.this"
          ]
        },
        {
          "index_key": "dev",
          "schema_version": 0,
          "attributes": {
            "autocreate_branch": null,
            "autocreate_branch_source_branch": null,
            "autocreate_branch_source_sha": null,
            "branch": "main",
            "commit_author": "David Nobleman",
            "commit_email": "davidstone097@gmail.com",
            "commit_message": "Managed by Terraform",
            "commit_sha": "81d40369992a1d13b7100499c56012f1707a87b0",
            "content": "name: Build and Deploy to {environment}\non:\n  push:\n    branches:\n      - main\njobs:\n  build:\n    runs-on: ubuntu-latest\n    steps:\n      - name: Checkout code\n        uses: actions/checkout@v3\n\n      - name: Placeholder for Build Step\n        run: echo \"Build process for {environment} goes here\"\n\n  deploy:\n    needs: build\n    runs-on: ubuntu-latest\n    steps:\n      - name: Placeholder for Deploy Step\n        run: echo \"Deployment process for {environment} goes here\"\n",
            "file": ".github/workflows/dev.yaml",
            "id": "auto-created-repo/.github/workflows/dev.yaml",
            "overwrite_on_create": true,
            "ref": "main",
            "repository": "auto-created-repo",
            "sha": "ea469dfc7dc2515da9b8f57c3de36a55eee340b1"
          },
          "sensitive_attributes": [],
          "private": "bnVsbA==",
          "dependencies": [
            "github_branch.develop",
            "github_repository.this"
          ]
        },
        {
          "index_key": "test",
          "schema_version": 0,
          "attributes": {
            "autocreate_branch": null,
            "autocreate_branch_source_branch": null,
            "autocreate_branch_source_sha": null,
            "branch": "main",
            "commit_author": "David Nobleman",
            "commit_email": "davidstone097@gmail.com",
            "commit_message": "Managed by Terraform",
            "commit_sha": "afa29bc7bb9f676b7f8401e2ecf142c57e866d22",
            "content": "name: Build and Deploy to {environment}\non:\n  push:\n    branches:\n      - main\njobs:\n  build:\n    runs-on: ubuntu-latest\n    steps:\n      - name: Checkout code\n        uses: actions/checkout@v3\n\n      - name: Placeholder for Build Step\n        run: echo \"Build process for {environment} goes here\"\n\n  deploy:\n    needs: build\n    runs-on: ubuntu-latest\n    steps:\n      - name: Placeholder for Deploy Step\n        run: echo \"Deployment process for {environment} goes here\"\n",
            "file": ".github/workflows/test.yaml",
            "id": "auto-created-repo/.github/workflows/test.yaml",
            "overwrite_on_create": true,
            "ref": "main",
            "repository": "auto-created-repo",
            "sha": "ea469dfc7dc2515da9b8f57c3de36a55eee340b1"
          },
          "sensitive_attributes": [],
          "private": "bnVsbA==",
          "dependencies": [
            "github_branch.develop",
            "github_repository.this"
          ]
        }
      ]
    }
  ],
  "check_results": null
}
